
Microsoft Visual Studio Solution File, Format Version 12.00
# Visual Studio Version 17
VisualStudioVersion = 17.4.33205.214
MinimumVisualStudioVersion = 10.0.40219.1
Project("{FAE04EC0-301F-11D3-BF4B-00C04F79EFBC}") = "sessiom4_task1", "sessiom4_task1\sessiom4_task1.csproj", "{20C79AD9-743D-442B-8FBC-BFF01B4E16DB}"
EndProject
Global
	GlobalSection(SolutionConfigurationPlatforms) = preSolution
		Debug|Any CPU = Debug|Any CPU
		Release|Any CPU = Release|Any CPU
	EndGlobalSection
	GlobalSection(ProjectConfigurationPlatforms) = postSolution
		{20C79AD9-743D-442B-8FBC-BFF01B4E16DB}.Debug|Any CPU.ActiveCfg = Debug|Any CPU
		{20C79AD9-743D-442B-8FBC-BFF01B4E16DB}.Debug|Any CPU.Build.0 = Debug|Any CPU
		{20C79AD9-743D-442B-8FBC-BFF01B4E16DB}.Release|Any CPU.ActiveCfg = Release|Any CPU
		{20C79AD9-743D-442B-8FBC-BFF01B4E16DB}.Release|Any CPU.Build.0 = Release|Any CPU
	EndGlobalSection
	GlobalSection(SolutionProperties) = preSolution
		HideSolutionNode = FALSE
	EndGlobalSection
	GlobalSection(ExtensibilityGlobals) = postSolution
		SolutionGuid = {F5702F64-E2E8-4A81-ADEC-7C228568E7C8}
	EndGlobalSection
EndGlobal
